
Microsoft Visual Studio Solution File, Format Version 12.00
# Visual Studio Version 16
VisualStudioVersion = 16.0.32228.343
MinimumVisualStudioVersion = 10.0.40219.1
Project("{FAE04EC0-301F-11D3-BF4B-00C04F79EFBC}") = "M3-P1-Wordle_GaliOriol", "M3-P1-Wordle_GaliOriol\M3-P1-Wordle_GaliOriol.csproj", "{9FC267B2-F574-48F7-9B9D-077503614F7F}"
EndProject
Global
	GlobalSection(SolutionConfigurationPlatforms) = preSolution
		Debug|Any CPU = Debug|Any CPU
		Release|Any CPU = Release|Any CPU
	EndGlobalSection
	GlobalSection(ProjectConfigurationPlatforms) = postSolution
		{9FC267B2-F574-48F7-9B9D-077503614F7F}.Debug|Any CPU.ActiveCfg = Debug|Any CPU
		{9FC267B2-F574-48F7-9B9D-077503614F7F}.Debug|Any CPU.Build.0 = Debug|Any CPU
		{9FC267B2-F574-48F7-9B9D-077503614F7F}.Release|Any CPU.ActiveCfg = Release|Any CPU
		{9FC267B2-F574-48F7-9B9D-077503614F7F}.Release|Any CPU.Build.0 = Release|Any CPU
	EndGlobalSection
	GlobalSection(SolutionProperties) = preSolution
		HideSolutionNode = FALSE
	EndGlobalSection
	GlobalSection(ExtensibilityGlobals) = postSolution
		SolutionGuid = {1D04F198-B23C-4FC8-ADA4-3D31F446BE5B}
	EndGlobalSection
EndGlobal
